
Microsoft Visual Studio Solution File, Format Version 12.00
# Visual Studio Version 17
VisualStudioVersion = 17.13.35806.99 d17.13
MinimumVisualStudioVersion = 10.0.40219.1
Project("{FAE04EC0-301F-11D3-BF4B-00C04F79EFBC}") = "CISystem", "CISystem.csproj", "{23EE19B2-2812-4089-894F-0D1309B4E311}"
EndProject
Global
	GlobalSection(SolutionConfigurationPlatforms) = preSolution
		Debug|Any CPU = Debug|Any CPU
		Release|Any CPU = Release|Any CPU
	EndGlobalSection
	GlobalSection(ProjectConfigurationPlatforms) = postSolution
		{23EE19B2-2812-4089-894F-0D1309B4E311}.Debug|Any CPU.ActiveCfg = Debug|Any CPU
		{23EE19B2-2812-4089-894F-0D1309B4E311}.Debug|Any CPU.Build.0 = Debug|Any CPU
		{23EE19B2-2812-4089-894F-0D1309B4E311}.Release|Any CPU.ActiveCfg = Release|Any CPU
		{23EE19B2-2812-4089-894F-0D1309B4E311}.Release|Any CPU.Build.0 = Release|Any CPU
	EndGlobalSection
	GlobalSection(SolutionProperties) = preSolution
		HideSolutionNode = FALSE
	EndGlobalSection
	GlobalSection(ExtensibilityGlobals) = postSolution
		SolutionGuid = {9D4143F1-2FC7-45E7-B280-4F543C1B10B8}
	EndGlobalSection
EndGlobal
